{
  "name": "react-sandbox-forge",
  "version": "1.0.0",
  "lockfileVersion": 2,
  "requires": true,
  "packages": {
    "": {
      "name": "react-sandbox-forge",
      "version": "1.0.0",
      "dependencies": {
        "functions": "*"
      }
    },
    "node_modules/functions": {
      "version": "1.0.9",
      "resolved": "https://registry.npmjs.org/functions/-/functions-1.0.9.tgz",
      "integrity": "sha1-jFUzC61giAxjxOIQdK3VgNrJ/+g="
    }
  },
  "dependencies": {
    "functions": {
      "version": "1.0.9",
      "resolved": "https://registry.npmjs.org/functions/-/functions-1.0.9.tgz",
      "integrity": "sha1-jFUzC61giAxjxOIQdK3VgNrJ/+g="
    }
  }
}
